# This file is autogenerated, do not edit; changes may be undone by the next 'dep ensure'.


[[projects]]
  digest = "1:4be779b9c24b0d8c636ef8ffad74d4e47d11a8f2fc6e19603de607ec3145f68c"
  name = "github.com/anaskhan96/soup"
  packages = ["."]
  pruneopts = "UT"
  revision = "cb47551b378185a4504cf253c2abfbeea361cabf"
  version = "v1.2.4"

[[projects]]
  branch = "master"
  digest = "1:afb69c742d04b49090d107d2234b6be55891e424a8e544ff8c6711eb9d9b641f"
  name = "golang.org/x/net"
  packages = [
    "html",
    "html/atom",
    "html/charset",
  ]
  pruneopts = "UT"
  revision = "d523dce5a7f4b994f7ed0531dbe44cd8fd803e26"

[[projects]]
  digest = "1:71f4b937710573df214b940f7cc1dc0fc816974db00dba006f7a8a5dbe20c07e"
  name = "golang.org/x/text"
  packages = [
    "encoding",
    "encoding/charmap",
    "encoding/htmlindex",
    "encoding/internal",
    "encoding/internal/identifier",
    "encoding/japanese",
    "encoding/korean",
    "encoding/simplifiedchinese",
    "encoding/traditionalchinese",
    "encoding/unicode",
    "internal/gen",
    "internal/language",
    "internal/language/compact",
    "internal/tag",
    "internal/utf8internal",
    "language",
    "runes",
    "transform",
    "unicode/cldr",
  ]
  pruneopts = "UT"
  revision = "75a595aef632b07c6eeaaa805adb6f0f66e4130e"
  version = "v0.3.5"

[solve-meta]
  analyzer-name = "dep"
  analyzer-version = 1
  input-imports = ["github.com/anaskhan96/soup"]
  solver-name = "gps-cdcl"
  solver-version = 1
